{
    "name": "themabinti-fullstack",
    "version": "1.0.0",
    "lockfileVersion": 3,
    "requires": true,
    "packages": {
        "": {
            "name": "themabinti-fullstack",
            "version": "1.0.0",
            "engines": {
                "node": "18.x"
            }
        }
    }
}
